<?xml version="1.0" encoding="utf-8"?>
<Project ToolsVersion="4.0" xmlns="http://schemas.microsoft.com/developer/msbuild/2003">
  <ItemGroup>
    <ClCompile Include="1.11 헤더파일 만들기.cpp" />
    <ClCompile Include="1.11 헤더파일 만들기2.cpp" />
    <ClCompile Include="1.11.2 헤더파일 만들기.cpp" />
    <ClCompile Include="1.11.3 헤더파일 만들기.cpp" />
    <ClCompile Include="1.11.3 헤더파일 만들기2.cpp" />
    <ClCompile Include="11.1 상속의 기본 (1).cpp" />
    <ClCompile Include="11.1 상속의 기본 %281%29_2.cpp" />
    <ClCompile Include="11.3 상속과 생성자.cpp" />
    <ClCompile Include="11.3 유도된 클래스들의 생성 순서.cpp" />
    <ClCompile Include="11.3 유도된 클래스들의 생성 순서_2.cpp" />
    <ClCompile Include="11.5 상속과 접근 지정자.cpp" />
    <ClCompile Include="11.7 상속받은 함수를 오버라이딩 하기.cpp" />
    <ClCompile Include="11.8 상속 받은 함수를 감추기.cpp" />
    <ClCompile Include="11.9 다중 상속.cpp" />
    <ClCompile Include="12.1 다형성의 기본 개념.cpp" />
    <ClCompile Include="12.1 다형성의 기본 개념_2.cpp" />
    <ClCompile Include="12.2 가상 함수와 다형성.cpp" />
    <ClCompile Include="12.2 가상 함수와 다형성_2.cpp" />
    <ClCompile Include="4.1 지역 변수, 범위, 지속기간.cpp" />
    <ClCompile Include="4.10 구조체 struct.cpp" />
    <ClCompile Include="4.2.1 전역 변수, 정적 변수, 내부 연결, 외부 연결2.cpp" />
    <ClCompile Include="4.2.1 전역 변수, 정적 변수, 내부 연결, 외부 연결.cpp" />
    <ClCompile Include="4.2.2 another.cpp" />
    <ClCompile Include="4.2.2 main.cpp" />
    <ClCompile Include="4.2.3 another.cpp" />
    <ClCompile Include="4.2.3 Header.cpp" />
    <ClCompile Include="4.2.3 main.cpp" />
    <ClCompile Include="4.9 자료형에게 가명 붙여주기.cpp" />
    <ClCompile Include="5.9 난수 만들기 random numbers.cpp" />
    <ClCompile Include="6.10 C언어 스타일의 문자열 심볼릭 상수.cpp" />
    <ClCompile Include="6.12 동적 할당 배열.cpp" />
    <ClCompile Include="6.13 포인터와 const.cpp" />
    <ClCompile Include="6.14 참조 변수 reference variable.cpp" />
    <ClCompile Include="6.15 참조와 const.cpp" />
    <ClCompile Include="6.17 C++11 For-each 반복문.cpp" />
    <ClCompile Include="6.7 포인터의 기본적인 사용법.cpp" />
    <ClCompile Include="6.7a 널 포인터 Null Pointer.cpp" />
    <ClCompile Include="6.8 포인터와 정적 배열.cpp" />
    <ClCompile Include="6.9 포인터 연산과 배열 인덱싱.cpp" />
    <ClCompile Include="7.1 매개변수와 실인자의 구분.cpp" />
    <ClCompile Include="7.3 배열을 인수로 전달하기.cpp" />
    <ClCompile Include="7.4 배열을 인수로 전달하기.cpp" />
    <ClCompile Include="7.4 주소에 의한 인수 전달.cpp" />
    <ClCompile Include="7.4 주소에 의한 인수 전달_2.cpp" />
    <ClCompile Include="7.5 다양한 반환 값들(값, 참조, 주소, 구조체, 튜플).cpp" />
    <ClCompile Include="7.5 다양한 반환 값들(값, 참조, 주소, 구조체, 튜플)_2.cpp" />
    <ClCompile Include="7.6 인라인 함수.cpp" />
    <ClCompile Include="7.9 함수 포인터.cpp" />
    <ClCompile Include="7.9a 함수 포인터.cpp" />
    <ClCompile Include="7.9b 함수 포인터.cpp" />
    <ClCompile Include="8.10 정적 멤버 변수.cpp" />
    <ClCompile Include="8.11 정적 멤버 함수.cpp" />
    <ClCompile Include="8.11 정적 멤버 함수_2.cpp" />
    <ClCompile Include="8.11 정적 멤버 함수_3.cpp" />
    <ClCompile Include="8.12 친구 함수와 클래스 friend.cpp" />
    <ClCompile Include="8.12 친구 함수와 클래스 friend_2.cpp" />
    <ClCompile Include="8.12 친구 함수와 클래스 friend_3.cpp" />
    <ClCompile Include="8.13 익명 객체.cpp" />
    <ClCompile Include="8.13 익명 객체_2.cpp" />
    <ClCompile Include="8.3 생성자 Constructors.cpp" />
    <ClCompile Include="8.3 생성자 Constructors2.cpp" />
    <ClCompile Include="8.4 생성자 멤버 초기화 목록.cpp" />
    <ClCompile Include="8.5 위임 생성자.cpp" />
    <ClCompile Include="8.6 소멸자 destructor.cpp" />
    <ClCompile Include="8.7 this 포인터와 연쇄 호출.cpp" />
    <ClCompile Include="8.7 this 포인터와 연쇄 호출_2.cpp" />
    <ClCompile Include="8.8 클래스 코드와 헤더 파일 main.cpp" />
    <ClCompile Include="8.8 클래스 코드와 헤더 파일.cpp" />
    <ClCompile Include="8.9 클래스와 const.cpp" />
    <ClCompile Include="8.9 클래스와 const_2.cpp" />
    <ClCompile Include="8.9 클래스와 const_3.cpp" />
    <ClCompile Include="8_1 객체지향 프로그래밍과 클래스.cpp" />
    <ClCompile Include="8_2 캡슐화, 접근 지정자, 접근 함수.cpp" />
    <ClCompile Include="9.1 산술 연산자 오버로딩 하기.cpp" />
    <ClCompile Include="9.1 산술 연산자 오버로딩 하기_2.cpp" />
    <ClCompile Include="9.2 입출력 연산자 오버로딩 하기.cpp" />
    <ClCompile Include="9.3 단항 연산자 오버로딩 하기.cpp" />
    <ClCompile Include="소스.cpp" />
    <ClCompile Include="12.3 override, final, 공변 반환값.cpp" />
    <ClCompile Include="12.3 override, final, 공변 반환값_2.cpp" />
    <ClCompile Include="12.4 가상 소멸자.cpp" />
    <ClCompile Include="12.5 동적 바인딩과 정적 바인딩.cpp" />
    <ClCompile Include="12.6 가상 (함수) 표.cpp" />
    <ClCompile Include="12.7 순수 가상 함수, 추상 기본 클래스.cpp" />
    <ClCompile Include="12.7 인터페이스 클래스.cpp" />
    <ClCompile Include="12.8 가상 기본 클래스와 다이아몬드 상속 문제.cpp" />
    <ClCompile Include="12.8 가상 기본 클래스와 다이아몬드 상속 문제_2.cpp" />
    <ClCompile Include="12.9 객체 잘림과 reference wrapper.cpp" />
    <ClCompile Include="12.9 객체 잘림과 reference wrapper_2.cpp" />
    <ClCompile Include="12.9 객체 잘림과 reference wrapper_3.cpp" />
    <ClCompile Include="12.10 동적 형변환.cpp" />
    <ClCompile Include="12.11 유도 클래스에서 출력 연산자 사용하기.cpp" />
    <ClCompile Include="13.1 함수 템플릿.cpp" />
    <ClCompile Include="13.2 클래스 템플릿.cpp" />
    <ClCompile Include="13.2 MyArray.cpp" />
    <ClCompile Include="13.3 자료형이 아닌 템플릿 매개변수.cpp" />
    <ClCompile Include="14.1 예외처리의 기본.cpp" />
    <ClCompile Include="14.2 예외처리와 스택 되감기.cpp" />
    <ClCompile Include="13.4 함수 템플릿 특수화.cpp" />
    <ClCompile Include="13.4 Storage.cpp" />
    <ClCompile Include="13.5 클래스 템플릿 특수화.cpp" />
    <ClCompile Include="13.5 클래스 템플릿 특수화_2.cpp" />
    <ClCompile Include="14.3 예외 클래스와 상속.cpp" />
    <ClCompile Include="14.4 exception 소개.cpp" />
    <ClCompile Include="14.5 함수 try.cpp" />
    <ClCompile Include="14.6 예외처리의 위험성과 단점.cpp" />
    <ClCompile Include="13.6 템플릿을 부분적으로 특수화하기.cpp" />
    <ClCompile Include="13.6 템플릿을 부분적으로 특수화하기_2.cpp" />
    <ClCompile Include="18.1 istream으로 입력받기.cpp" />
    <ClCompile Include="15.1 이동의 의미와 스마트 포인터.cpp" />
    <ClCompile Include="15.1 이동의 의미와 스마트 포인터_2.cpp" />
    <ClCompile Include="15.2 오른쪽-값 참조.cpp" />
    <ClCompile Include="15.3 이동 생성자와 이동 대입.cpp" />
    <ClCompile Include="16.1 표준 템플릿 라이브러리, 컨테이너 소개.cpp" />
    <ClCompile Include="17.1 string과 wstring.cpp" />
    <ClCompile Include="17.2 string의 여러가지 생성자들과 형변환.cpp" />
    <ClCompile Include="9.4 비교 연산자 오버로딩 하기.cpp" />
    <ClCompile Include="9.5 증감 연산자 오버로딩 하기.cpp" />
    <ClCompile Include="9.9 복사 생성자, 복사 초기화 반환값 최적화.cpp" />
    <ClCompile Include="9.10 변환 생성자, explicit, delete.cpp" />
    <ClCompile Include="9.11 대입 연산자 오버로딩, 깊은 복사, 얕은 복사.cpp" />
    <ClCompile Include="9.6 첨자 연산자 오버로딩 하기.cpp" />
    <ClCompile Include="9.7 괄호 연산자 오버로딩과 함수 객체.cpp" />
    <ClCompile Include="9.8 형변환을 오버로딩 하기.cpp" />
    <ClCompile Include="9.8 형변환을 오버로딩 하기_2.cpp" />
    <ClCompile Include="9.12 이니셜라이져 리스트 initializer list.cpp" />
    <ClCompile Include="9.12 이니셜라이져 리스트 initializer list_2.cpp" />
    <ClCompile Include="9.12 이니셜라이져 리스트 initializer list_3.cpp" />
    <ClCompile Include="9.12 이니셜라이져 리스트 initializer list_4.cpp" />
    <ClCompile Include="13.7 포인터에 대한 템플릿 특수화.cpp" />
    <ClCompile Include="13.8 멤버 함수를 한 번 더 템플릿화 하기.cpp" />
    <ClCompile Include="15.4 std_move.cpp" />
    <ClCompile Include="18.2 ostream으로 출력하기.cpp" />
    <ClCompile Include="18.3 문자열 스트림.cpp" />
    <ClCompile Include="Source.cpp" />
  </ItemGroup>
  <ItemGroup>
    <ClInclude Include="1.11.2 헤더파일 만들기2.h" />
    <ClInclude Include="1.11.3 헤더파일 만들기.h" />
    <ClInclude Include="4.2.2 Header.h" />
    <ClInclude Include="4.2.3 Header.h" />
    <ClInclude Include="8.8 클래스 코드와 헤더 파일.h" />
    <ClInclude Include="13.2 MyArray.h" />
    <ClInclude Include="13.3 MyArray.h" />
    <ClInclude Include="13.4 Storage.h" />
    <ClInclude Include="헤더.h" />
  </ItemGroup>
  <ItemGroup>
    <None Include="4.7 열거형 enumerated types.cpp" />
    <None Include="4.8 영역 제한 열거형 %28열거형 클래스%29.cpp" />
  </ItemGroup>
</Project>